
Microsoft Visual Studio Solution File, Format Version 12.00
# Visual Studio Version 17
VisualStudioVersion = 17.8.34525.116
MinimumVisualStudioVersion = 10.0.40219.1
Project("{FAE04EC0-301F-11D3-BF4B-00C04F79EFBC}") = "CONTADOR DE PALABRAS EJERCICIO", "CONTADOR DE PALABRAS EJERCICIO\CONTADOR DE PALABRAS EJERCICIO.csproj", "{5F8F9FA1-FE28-4D66-AC45-B95821C554FF}"
EndProject
Global
	GlobalSection(SolutionConfigurationPlatforms) = preSolution
		Debug|Any CPU = Debug|Any CPU
		Release|Any CPU = Release|Any CPU
	EndGlobalSection
	GlobalSection(ProjectConfigurationPlatforms) = postSolution
		{5F8F9FA1-FE28-4D66-AC45-B95821C554FF}.Debug|Any CPU.ActiveCfg = Debug|Any CPU
		{5F8F9FA1-FE28-4D66-AC45-B95821C554FF}.Debug|Any CPU.Build.0 = Debug|Any CPU
		{5F8F9FA1-FE28-4D66-AC45-B95821C554FF}.Release|Any CPU.ActiveCfg = Release|Any CPU
		{5F8F9FA1-FE28-4D66-AC45-B95821C554FF}.Release|Any CPU.Build.0 = Release|Any CPU
	EndGlobalSection
	GlobalSection(SolutionProperties) = preSolution
		HideSolutionNode = FALSE
	EndGlobalSection
	GlobalSection(ExtensibilityGlobals) = postSolution
		SolutionGuid = {D0315128-96F6-4A08-ADB0-639F7252462D}
	EndGlobalSection
EndGlobal
